// !$*UTF8*$!
{
	archiveVersion = 1;
	classes = {
	};
	objectVersion = 56;
	objects = {

/* Begin PBXBuildFile section */
		133487212B9814A200885379 /* womptecnicaApp.swift in Sources */ = {isa = PBXBuildFile; fileRef = 133487202B9814A200885379 /* womptecnicaApp.swift */; };
		133487232B9814A200885379 /* ContentView.swift in Sources */ = {isa = PBXBuildFile; fileRef = 133487222B9814A200885379 /* ContentView.swift */; };
		133487252B9814A200885379 /* Assets.xcassets in Resources */ = {isa = PBXBuildFile; fileRef = 133487242B9814A200885379 /* Assets.xcassets */; };
		133487282B9814A200885379 /* Preview Assets.xcassets in Resources */ = {isa = PBXBuildFile; fileRef = 133487272B9814A200885379 /* Preview Assets.xcassets */; };
		133487342B9815FB00885379 /* tunesAPI.swift in Sources */ = {isa = PBXBuildFile; fileRef = 133487332B9815FB00885379 /* tunesAPI.swift */; };
		133487362B981FC500885379 /* TopSongs.swift in Sources */ = {isa = PBXBuildFile; fileRef = 133487352B981FC500885379 /* TopSongs.swift */; };
		133487382B98216100885379 /* TopSongsRepo.swift in Sources */ = {isa = PBXBuildFile; fileRef = 133487372B98216100885379 /* TopSongsRepo.swift */; };
		1334873A2B98230E00885379 /* TopSongsController.swift in Sources */ = {isa = PBXBuildFile; fileRef = 133487392B98230E00885379 /* TopSongsController.swift */; };
		1334873D2B983C3700885379 /* TopSongsList.swift in Sources */ = {isa = PBXBuildFile; fileRef = 1334873C2B983C3700885379 /* TopSongsList.swift */; };
		1334873F2B983F8100885379 /* SongDetailView.swift in Sources */ = {isa = PBXBuildFile; fileRef = 1334873E2B983F8100885379 /* SongDetailView.swift */; };
/* End PBXBuildFile section */

/* Begin PBXFileReference section */
		1334871D2B9814A200885379 /* womptecnica.app */ = {isa = PBXFileReference; explicitFileType = wrapper.application; includeInIndex = 0; path = womptecnica.app; sourceTree = BUILT_PRODUCTS_DIR; };
		133487202B9814A200885379 /* womptecnicaApp.swift */ = {isa = PBXFileReference; lastKnownFileType = sourcecode.swift; path = womptecnicaApp.swift; sourceTree = "<group>"; };
		133487222B9814A200885379 /* ContentView.swift */ = {isa = PBXFileReference; lastKnownFileType = sourcecode.swift; path = ContentView.swift; sourceTree = "<group>"; };
		133487242B9814A200885379 /* Assets.xcassets */ = {isa = PBXFileReference; lastKnownFileType = folder.assetcatalog; path = Assets.xcassets; sourceTree = "<group>"; };
		133487272B9814A200885379 /* Preview Assets.xcassets */ = {isa = PBXFileReference; lastKnownFileType = folder.assetcatalog; path = "Preview Assets.xcassets"; sourceTree = "<group>"; };
		133487332B9815FB00885379 /* tunesAPI.swift */ = {isa = PBXFileReference; lastKnownFileType = sourcecode.swift; path = tunesAPI.swift; sourceTree = "<group>"; };
		133487352B981FC500885379 /* TopSongs.swift */ = {isa = PBXFileReference; lastKnownFileType = sourcecode.swift; path = TopSongs.swift; sourceTree = "<group>"; };
		133487372B98216100885379 /* TopSongsRepo.swift */ = {isa = PBXFileReference; lastKnownFileType = sourcecode.swift; path = TopSongsRepo.swift; sourceTree = "<group>"; };
		133487392B98230E00885379 /* TopSongsController.swift */ = {isa = PBXFileReference; lastKnownFileType = sourcecode.swift; path = TopSongsController.swift; sourceTree = "<group>"; };
		1334873C2B983C3700885379 /* TopSongsList.swift */ = {isa = PBXFileReference; lastKnownFileType = sourcecode.swift; path = TopSongsList.swift; sourceTree = "<group>"; };
		1334873E2B983F8100885379 /* SongDetailView.swift */ = {isa = PBXFileReference; lastKnownFileType = sourcecode.swift; path = SongDetailView.swift; sourceTree = "<group>"; };
/* End PBXFileReference section */

/* Begin PBXFrameworksBuildPhase section */
		1334871A2B9814A200885379 /* Frameworks */ = {
			isa = PBXFrameworksBuildPhase;
			buildActionMask = 2147483647;
			files = (
			);
			runOnlyForDeploymentPostprocessing = 0;
		};
/* End PBXFrameworksBuildPhase section */

/* Begin PBXGroup section */
		133487142B9814A200885379 = {
			isa = PBXGroup;
			children = (
				1334871F2B9814A200885379 /* womptecnica */,
				1334871E2B9814A200885379 /* Products */,
			);
			sourceTree = "<group>";
		};
		1334871E2B9814A200885379 /* Products */ = {
			isa = PBXGroup;
			children = (
				1334871D2B9814A200885379 /* womptecnica.app */,
			);
			name = Products;
			sourceTree = "<group>";
		};
		1334871F2B9814A200885379 /* womptecnica */ = {
			isa = PBXGroup;
			children = (
				1334873B2B983C2600885379 /* Components */,
				133487322B9815E300885379 /* API */,
				133487312B9814D300885379 /* Controllers */,
				133487302B9814C300885379 /* Repositories */,
				1334872F2B9814BA00885379 /* Views */,
				1334872E2B9814B200885379 /* Models */,
				133487202B9814A200885379 /* womptecnicaApp.swift */,
				133487222B9814A200885379 /* ContentView.swift */,
				133487242B9814A200885379 /* Assets.xcassets */,
				133487262B9814A200885379 /* Preview Content */,
			);
			path = womptecnica;
			sourceTree = "<group>";
		};
		133487262B9814A200885379 /* Preview Content */ = {
			isa = PBXGroup;
			children = (
				133487272B9814A200885379 /* Preview Assets.xcassets */,
			);
			path = "Preview Content";
			sourceTree = "<group>";
		};
		1334872E2B9814B200885379 /* Models */ = {
			isa = PBXGroup;
			children = (
				133487352B981FC500885379 /* TopSongs.swift */,
			);
			path = Models;
			sourceTree = "<group>";
		};
		1334872F2B9814BA00885379 /* Views */ = {
			isa = PBXGroup;
			children = (
				1334873E2B983F8100885379 /* SongDetailView.swift */,
			);
			path = Views;
			sourceTree = "<group>";
		};
		133487302B9814C300885379 /* Repositories */ = {
			isa = PBXGroup;
			children = (
				133487372B98216100885379 /* TopSongsRepo.swift */,
			);
			path = Repositories;
			sourceTree = "<group>";
		};
		133487312B9814D300885379 /* Controllers */ = {
			isa = PBXGroup;
			children = (
				133487392B98230E00885379 /* TopSongsController.swift */,
			);
			path = Controllers;
			sourceTree = "<group>";
		};
		133487322B9815E300885379 /* API */ = {
			isa = PBXGroup;
			children = (
				133487332B9815FB00885379 /* tunesAPI.swift */,
			);
			path = API;
			sourceTree = "<group>";
		};
		1334873B2B983C2600885379 /* Components */ = {
			isa = PBXGroup;
			children = (
				1334873C2B983C3700885379 /* TopSongsList.swift */,
			);
			path = Components;
			sourceTree = "<group>";
		};
/* End PBXGroup section */

/* Begin PBXNativeTarget section */
		1334871C2B9814A200885379 /* womptecnica */ = {
			isa = PBXNativeTarget;
			buildConfigurationList = 1334872B2B9814A200885379 /* Build configuration list for PBXNativeTarget "womptecnica" */;
			buildPhases = (
				133487192B9814A200885379 /* Sources */,
				1334871A2B9814A200885379 /* Frameworks */,
				1334871B2B9814A200885379 /* Resources */,
			);
			buildRules = (
			);
			dependencies = (
			);
			name = womptecnica;
			productName = womptecnica;
			productReference = 1334871D2B9814A200885379 /* womptecnica.app */;
			productType = "com.apple.product-type.application";
		};
/* End PBXNativeTarget section */

/* Begin PBXProject section */
		133487152B9814A200885379 /* Project object */ = {
			isa = PBXProject;
			attributes = {
				BuildIndependentTargetsInParallel = 1;
				LastSwiftUpdateCheck = 1520;
				LastUpgradeCheck = 1520;
				TargetAttributes = {
					1334871C2B9814A200885379 = {
						CreatedOnToolsVersion = 15.2;
					};
				};
			};
			buildConfigurationList = 133487182B9814A200885379 /* Build configuration list for PBXProject "womptecnica" */;
			compatibilityVersion = "Xcode 14.0";
			developmentRegion = en;
			hasScannedForEncodings = 0;
			knownRegions = (
				en,
				Base,
			);
			mainGroup = 133487142B9814A200885379;
			productRefGroup = 1334871E2B9814A200885379 /* Products */;
			projectDirPath = "";
			projectRoot = "";
			targets = (
				1334871C2B9814A200885379 /* womptecnica */,
			);
		};
/* End PBXProject section */

/* Begin PBXResourcesBuildPhase section */
		1334871B2B9814A200885379 /* Resources */ = {
			isa = PBXResourcesBuildPhase;
			buildActionMask = 2147483647;
			files = (
				133487282B9814A200885379 /* Preview Assets.xcassets in Resources */,
				133487252B9814A200885379 /* Assets.xcassets in Resources */,
			);
			runOnlyForDeploymentPostprocessing = 0;
		};
/* End PBXResourcesBuildPhase section */

/* Begin PBXSourcesBuildPhase section */
		133487192B9814A200885379 /* Sources */ = {
			isa = PBXSourcesBuildPhase;
			buildActionMask = 2147483647;
			files = (
				133487232B9814A200885379 /* ContentView.swift in Sources */,
				133487212B9814A200885379 /* womptecnicaApp.swift in Sources */,
				133487362B981FC500885379 /* TopSongs.swift in Sources */,
				133487382B98216100885379 /* TopSongsRepo.swift in Sources */,
				1334873F2B983F8100885379 /* SongDetailView.swift in Sources */,
				1334873D2B983C3700885379 /* TopSongsList.swift in Sources */,
				1334873A2B98230E00885379 /* TopSongsController.swift in Sources */,
				133487342B9815FB00885379 /* tunesAPI.swift in Sources */,
			);
			runOnlyForDeploymentPostprocessing = 0;
		};
/* End PBXSourcesBuildPhase section */

/* Begin XCBuildConfiguration section */
		133487292B9814A200885379 /* Debug */ = {
			isa = XCBuildConfiguration;
			buildSettings = {
				ALWAYS_SEARCH_USER_PATHS = NO;
				ASSETCATALOG_COMPILER_GENERATE_SWIFT_ASSET_SYMBOL_EXTENSIONS = YES;
				CLANG_ANALYZER_NONNULL = YES;
				CLANG_ANALYZER_NUMBER_OBJECT_CONVERSION = YES_AGGRESSIVE;
				CLANG_CXX_LANGUAGE_STANDARD = "gnu++20";
				CLANG_ENABLE_MODULES = YES;
				CLANG_ENABLE_OBJC_ARC = YES;
				CLANG_ENABLE_OBJC_WEAK = YES;
				CLANG_WARN_BLOCK_CAPTURE_AUTORELEASING = YES;
				CLANG_WARN_BOOL_CONVERSION = YES;
				CLANG_WARN_COMMA = YES;
				CLANG_WARN_CONSTANT_CONVERSION = YES;
				CLANG_WARN_DEPRECATED_OBJC_IMPLEMENTATIONS = YES;
				CLANG_WARN_DIRECT_OBJC_ISA_USAGE = YES_ERROR;
				CLANG_WARN_DOCUMENTATION_COMMENTS = YES;
				CLANG_WARN_EMPTY_BODY = YES;
				CLANG_WARN_ENUM_CONVERSION = YES;
				CLANG_WARN_INFINITE_RECURSION = YES;
				CLANG_WARN_INT_CONVERSION = YES;
				CLANG_WARN_NON_LITERAL_NULL_CONVERSION = YES;
				CLANG_WARN_OBJC_IMPLICIT_RETAIN_SELF = YES;
				CLANG_WARN_OBJC_LITERAL_CONVERSION = YES;
				CLANG_WARN_OBJC_ROOT_CLASS = YES_ERROR;
				CLANG_WARN_QUOTED_INCLUDE_IN_FRAMEWORK_HEADER = YES;
				CLANG_WARN_RANGE_LOOP_ANALYSIS = YES;
				CLANG_WARN_STRICT_PROTOTYPES = YES;
				CLANG_WARN_SUSPICIOUS_MOVE = YES;
				CLANG_WARN_UNGUARDED_AVAILABILITY = YES_AGGRESSIVE;
				CLANG_WARN_UNREACHABLE_CODE = YES;
				CLANG_WARN__DUPLICATE_METHOD_MATCH = YES;
				COPY_PHASE_STRIP = NO;
				DEBUG_INFORMATION_FORMAT = dwarf;
				ENABLE_STRICT_OBJC_MSGSEND = YES;
				ENABLE_TESTABILITY = YES;
				ENABLE_USER_SCRIPT_SANDBOXING = YES;
				GCC_C_LANGUAGE_STANDARD = gnu17;
				GCC_DYNAMIC_NO_PIC = NO;
				GCC_NO_COMMON_BLOCKS = YES;
				GCC_OPTIMIZATION_LEVEL = 0;
				GCC_PREPROCESSOR_DEFINITIONS = (
					"DEBUG=1",
					"$(inherited)",
				);
				GCC_WARN_64_TO_32_BIT_CONVERSION = YES;
				GCC_WARN_ABOUT_RETURN_TYPE = YES_ERROR;
				GCC_WARN_UNDECLARED_SELECTOR = YES;
				GCC_WARN_UNINITIALIZED_AUTOS = YES_AGGRESSIVE;
				GCC_WARN_UNUSED_FUNCTION = YES;
				GCC_WARN_UNUSED_VARIABLE = YES;
				IPHONEOS_DEPLOYMENT_TARGET = 17.2;
				LOCALIZATION_PREFERS_STRING_CATALOGS = YES;
				MTL_ENABLE_DEBUG_INFO = INCLUDE_SOURCE;
				MTL_FAST_MATH = YES;
				ONLY_ACTIVE_ARCH = YES;
				SDKROOT = iphoneos;
				SWIFT_ACTIVE_COMPILATION_CONDITIONS = "DEBUG $(inherited)";
				SWIFT_OPTIMIZATION_LEVEL = "-Onone";
			};
			name = Debug;
		};
		1334872A2B9814A200885379 /* Release */ = {
			isa = XCBuildConfiguration;
			buildSettings = {
				ALWAYS_SEARCH_USER_PATHS = NO;
				ASSETCATALOG_COMPILER_GENERATE_SWIFT_ASSET_SYMBOL_EXTENSIONS = YES;
				CLANG_ANALYZER_NONNULL = YES;
				CLANG_ANALYZER_NUMBER_OBJECT_CONVERSION = YES_AGGRESSIVE;
				CLANG_CXX_LANGUAGE_STANDARD = "gnu++20";
				CLANG_ENABLE_MODULES = YES;
				CLANG_ENABLE_OBJC_ARC = YES;
				CLANG_ENABLE_OBJC_WEAK = YES;
				CLANG_WARN_BLOCK_CAPTURE_AUTORELEASING = YES;
				CLANG_WARN_BOOL_CONVERSION = YES;
				CLANG_WARN_COMMA = YES;
				CLANG_WARN_CONSTANT_CONVERSION = YES;
				CLANG_WARN_DEPRECATED_OBJC_IMPLEMENTATIONS = YES;
				CLANG_WARN_DIRECT_OBJC_ISA_USAGE = YES_ERROR;
				CLANG_WARN_DOCUMENTATION_COMMENTS = YES;
				CLANG_WARN_EMPTY_BODY = YES;
				CLANG_WARN_ENUM_CONVERSION = YES;
				CLANG_WARN_INFINITE_RECURSION = YES;
				CLANG_WARN_INT_CONVERSION = YES;
				CLANG_WARN_NON_LITERAL_NULL_CONVERSION = YES;
				CLANG_WARN_OBJC_IMPLICIT_RETAIN_SELF = YES;
				CLANG_WARN_OBJC_LITERAL_CONVERSION = YES;
				CLANG_WARN_OBJC_ROOT_CLASS = YES_ERROR;
				CLANG_WARN_QUOTED_INCLUDE_IN_FRAMEWORK_HEADER = YES;
				CLANG_WARN_RANGE_LOOP_ANALYSIS = YES;
				CLANG_WARN_STRICT_PROTOTYPES = YES;
				CLANG_WARN_SUSPICIOUS_MOVE = YES;
				CLANG_WARN_UNGUARDED_AVAILABILITY = YES_AGGRESSIVE;
				CLANG_WARN_UNREACHABLE_CODE = YES;
				CLANG_WARN__DUPLICATE_METHOD_MATCH = YES;
				COPY_PHASE_STRIP = NO;
				DEBUG_INFORMATION_FORMAT = "dwarf-with-dsym";
				ENABLE_NS_ASSERTIONS = NO;
				ENABLE_STRICT_OBJC_MSGSEND = YES;
				ENABLE_USER_SCRIPT_SANDBOXING = YES;
				GCC_C_LANGUAGE_STANDARD = gnu17;
				GCC_NO_COMMON_BLOCKS = YES;
				GCC_WARN_64_TO_32_BIT_CONVERSION = YES;
				GCC_WARN_ABOUT_RETURN_TYPE = YES_ERROR;
				GCC_WARN_UNDECLARED_SELECTOR = YES;
				GCC_WARN_UNINITIALIZED_AUTOS = YES_AGGRESSIVE;
				GCC_WARN_UNUSED_FUNCTION = YES;
				GCC_WARN_UNUSED_VARIABLE = YES;
				IPHONEOS_DEPLOYMENT_TARGET = 17.2;
				LOCALIZATION_PREFERS_STRING_CATALOGS = YES;
				MTL_ENABLE_DEBUG_INFO = NO;
				MTL_FAST_MATH = YES;
				SDKROOT = iphoneos;
				SWIFT_COMPILATION_MODE = wholemodule;
				VALIDATE_PRODUCT = YES;
			};
			name = Release;
		};
		1334872C2B9814A200885379 /* Debug */ = {
			isa = XCBuildConfiguration;
			buildSettings = {
				ASSETCATALOG_COMPILER_APPICON_NAME = AppIcon;
				ASSETCATALOG_COMPILER_GLOBAL_ACCENT_COLOR_NAME = AccentColor;
				CODE_SIGN_STYLE = Automatic;
				CURRENT_PROJECT_VERSION = 1;
				DEVELOPMENT_ASSET_PATHS = "\"womptecnica/Preview Content\"";
				DEVELOPMENT_TEAM = 4K2X83N4H3;
				ENABLE_PREVIEWS = YES;
				GENERATE_INFOPLIST_FILE = YES;
				INFOPLIST_KEY_UIApplicationSceneManifest_Generation = YES;
				INFOPLIST_KEY_UIApplicationSupportsIndirectInputEvents = YES;
				INFOPLIST_KEY_UILaunchScreen_Generation = YES;
				INFOPLIST_KEY_UISupportedInterfaceOrientations_iPad = "UIInterfaceOrientationPortrait UIInterfaceOrientationPortraitUpsideDown UIInterfaceOrientationLandscapeLeft UIInterfaceOrientationLandscapeRight";
				INFOPLIST_KEY_UISupportedInterfaceOrientations_iPhone = "UIInterfaceOrientationPortrait UIInterfaceOrientationLandscapeLeft UIInterfaceOrientationLandscapeRight";
				LD_RUNPATH_SEARCH_PATHS = (
					"$(inherited)",
					"@executable_path/Frameworks",
				);
				MARKETING_VERSION = 1.0;
				PRODUCT_BUNDLE_IDENTIFIER = com.personal.womptecnica;
				PRODUCT_NAME = "$(TARGET_NAME)";
				SWIFT_EMIT_LOC_STRINGS = YES;
				SWIFT_VERSION = 5.0;
				TARGETED_DEVICE_FAMILY = "1,2";
			};
			name = Debug;
		};
		1334872D2B9814A200885379 /* Release */ = {
			isa = XCBuildConfiguration;
			buildSettings = {
				ASSETCATALOG_COMPILER_APPICON_NAME = AppIcon;
				ASSETCATALOG_COMPILER_GLOBAL_ACCENT_COLOR_NAME = AccentColor;
				CODE_SIGN_STYLE = Automatic;
				CURRENT_PROJECT_VERSION = 1;
				DEVELOPMENT_ASSET_PATHS = "\"womptecnica/Preview Content\"";
				DEVELOPMENT_TEAM = 4K2X83N4H3;
				ENABLE_PREVIEWS = YES;
				GENERATE_INFOPLIST_FILE = YES;
				INFOPLIST_KEY_UIApplicationSceneManifest_Generation = YES;
				INFOPLIST_KEY_UIApplicationSupportsIndirectInputEvents = YES;
				INFOPLIST_KEY_UILaunchScreen_Generation = YES;
				INFOPLIST_KEY_UISupportedInterfaceOrientations_iPad = "UIInterfaceOrientationPortrait UIInterfaceOrientationPortraitUpsideDown UIInterfaceOrientationLandscapeLeft UIInterfaceOrientationLandscapeRight";
				INFOPLIST_KEY_UISupportedInterfaceOrientations_iPhone = "UIInterfaceOrientationPortrait UIInterfaceOrientationLandscapeLeft UIInterfaceOrientationLandscapeRight";
				LD_RUNPATH_SEARCH_PATHS = (
					"$(inherited)",
					"@executable_path/Frameworks",
				);
				MARKETING_VERSION = 1.0;
				PRODUCT_BUNDLE_IDENTIFIER = com.personal.womptecnica;
				PRODUCT_NAME = "$(TARGET_NAME)";
				SWIFT_EMIT_LOC_STRINGS = YES;
				SWIFT_VERSION = 5.0;
				TARGETED_DEVICE_FAMILY = "1,2";
			};
			name = Release;
		};
/* End XCBuildConfiguration section */

/* Begin XCConfigurationList section */
		133487182B9814A200885379 /* Build configuration list for PBXProject "womptecnica" */ = {
			isa = XCConfigurationList;
			buildConfigurations = (
				133487292B9814A200885379 /* Debug */,
				1334872A2B9814A200885379 /* Release */,
			);
			defaultConfigurationIsVisible = 0;
			defaultConfigurationName = Release;
		};
		1334872B2B9814A200885379 /* Build configuration list for PBXNativeTarget "womptecnica" */ = {
			isa = XCConfigurationList;
			buildConfigurations = (
				1334872C2B9814A200885379 /* Debug */,
				1334872D2B9814A200885379 /* Release */,
			);
			defaultConfigurationIsVisible = 0;
			defaultConfigurationName = Release;
		};
/* End XCConfigurationList section */
	};
	rootObject = 133487152B9814A200885379 /* Project object */;
}
